Microsoft Visual Studio Solution File, Format Version 11.00
# Visual Studio 2008

Project("{D60472D8-B26B-815D-DEB3-BB6DC23B9F4D}") = "EpicBox", "Assembly-CSharp.csproj", "{04B4D9F9-CC83-DDEE-6FAE-37DAD9DD7ED7}"
EndProject
Global
	GlobalSection(SolutionConfigurationPlatforms) = preSolution
		Debug|Any CPU = Debug|Any CPU
		Release|Any CPU = Release|Any CPU
	EndGlobalSection
	GlobalSection(ProjectConfigurationPlatforms) = postSolution
		{04B4D9F9-CC83-DDEE-6FAE-37DAD9DD7ED7}.Debug|Any CPU.ActiveCfg = Debug|Any CPU
		{04B4D9F9-CC83-DDEE-6FAE-37DAD9DD7ED7}.Debug|Any CPU.Build.0 = Debug|Any CPU
		{04B4D9F9-CC83-DDEE-6FAE-37DAD9DD7ED7}.Release|Any CPU.ActiveCfg = Release|Any CPU
		{04B4D9F9-CC83-DDEE-6FAE-37DAD9DD7ED7}.Release|Any CPU.Build.0 = Release|Any CPU
	EndGlobalSection
	GlobalSection(SolutionProperties) = preSolution
		HideSolutionNode = FALSE
	EndGlobalSection
	GlobalSection(MonoDevelopProperties) = preSolution
		StartupItem = Assembly-CSharp.csproj
	EndGlobalSection
EndGlobal
